
Microsoft Visual Studio Solution File, Format Version 12.00
# Visual Studio Version 17
VisualStudioVersion = 17.7.34221.43
MinimumVisualStudioVersion = 10.0.40219.1
Project("{FAE04EC0-301F-11D3-BF4B-00C04F79EFBC}") = "Банк", "Банк\Банк.csproj", "{D9EE3333-B542-4EED-9078-A63CF1AAF0FF}"
EndProject
Global
	GlobalSection(SolutionConfigurationPlatforms) = preSolution
		Debug|Any CPU = Debug|Any CPU
		Release|Any CPU = Release|Any CPU
	EndGlobalSection
	GlobalSection(ProjectConfigurationPlatforms) = postSolution
		{D9EE3333-B542-4EED-9078-A63CF1AAF0FF}.Debug|Any CPU.ActiveCfg = Debug|Any CPU
		{D9EE3333-B542-4EED-9078-A63CF1AAF0FF}.Debug|Any CPU.Build.0 = Debug|Any CPU
		{D9EE3333-B542-4EED-9078-A63CF1AAF0FF}.Release|Any CPU.ActiveCfg = Release|Any CPU
		{D9EE3333-B542-4EED-9078-A63CF1AAF0FF}.Release|Any CPU.Build.0 = Release|Any CPU
	EndGlobalSection
	GlobalSection(SolutionProperties) = preSolution
		HideSolutionNode = FALSE
	EndGlobalSection
	GlobalSection(ExtensibilityGlobals) = postSolution
		SolutionGuid = {DBF06F74-C58B-4D86-8C0E-2DE3DF2C3323}
	EndGlobalSection
EndGlobal
